
Microsoft Visual Studio Solution File, Format Version 12.00
# Visual Studio Version 17
VisualStudioVersion = 17.3.32922.545
MinimumVisualStudioVersion = 10.0.40219.1
Project("{9A19103F-16F7-4668-BE54-9A1E7A4F7556}") = "LagerverwaltungWeb", "LagerverwaltungWeb\LagerverwaltungWeb.csproj", "{7C98101A-C1A6-4261-8C4A-172030141BE9}"
EndProject
Project("{9A19103F-16F7-4668-BE54-9A1E7A4F7556}") = "Lagerverwaltung.Models", "Lagerverwaltung.Models\Lagerverwaltung.Models.csproj", "{6DA7CCC2-63E2-46E4-AD1F-2C3F62036B1D}"
EndProject
Project("{9A19103F-16F7-4668-BE54-9A1E7A4F7556}") = "Lagerverwaltung.DataAccess", "Lagerverwaltung.DataAccess\Lagerverwaltung.DataAccess.csproj", "{47CA851C-AFD1-4966-8F87-06761E034E88}"
EndProject
Project("{FAE04EC0-301F-11D3-BF4B-00C04F79EFBC}") = "UnitTesting", "UnitTesting\UnitTesting.csproj", "{93EA64AD-B0E1-4870-A0F4-9C9063574193}"
EndProject
Global
	GlobalSection(SolutionConfigurationPlatforms) = preSolution
		Debug|Any CPU = Debug|Any CPU
		Release|Any CPU = Release|Any CPU
	EndGlobalSection
	GlobalSection(ProjectConfigurationPlatforms) = postSolution
		{7C98101A-C1A6-4261-8C4A-172030141BE9}.Debug|Any CPU.ActiveCfg = Debug|Any CPU
		{7C98101A-C1A6-4261-8C4A-172030141BE9}.Debug|Any CPU.Build.0 = Debug|Any CPU
		{7C98101A-C1A6-4261-8C4A-172030141BE9}.Release|Any CPU.ActiveCfg = Release|Any CPU
		{7C98101A-C1A6-4261-8C4A-172030141BE9}.Release|Any CPU.Build.0 = Release|Any CPU
		{6DA7CCC2-63E2-46E4-AD1F-2C3F62036B1D}.Debug|Any CPU.ActiveCfg = Debug|Any CPU
		{6DA7CCC2-63E2-46E4-AD1F-2C3F62036B1D}.Debug|Any CPU.Build.0 = Debug|Any CPU
		{6DA7CCC2-63E2-46E4-AD1F-2C3F62036B1D}.Release|Any CPU.ActiveCfg = Release|Any CPU
		{6DA7CCC2-63E2-46E4-AD1F-2C3F62036B1D}.Release|Any CPU.Build.0 = Release|Any CPU
		{47CA851C-AFD1-4966-8F87-06761E034E88}.Debug|Any CPU.ActiveCfg = Debug|Any CPU
		{47CA851C-AFD1-4966-8F87-06761E034E88}.Debug|Any CPU.Build.0 = Debug|Any CPU
		{47CA851C-AFD1-4966-8F87-06761E034E88}.Release|Any CPU.ActiveCfg = Release|Any CPU
		{47CA851C-AFD1-4966-8F87-06761E034E88}.Release|Any CPU.Build.0 = Release|Any CPU
		{93EA64AD-B0E1-4870-A0F4-9C9063574193}.Debug|Any CPU.ActiveCfg = Debug|Any CPU
		{93EA64AD-B0E1-4870-A0F4-9C9063574193}.Debug|Any CPU.Build.0 = Debug|Any CPU
		{93EA64AD-B0E1-4870-A0F4-9C9063574193}.Release|Any CPU.ActiveCfg = Release|Any CPU
		{93EA64AD-B0E1-4870-A0F4-9C9063574193}.Release|Any CPU.Build.0 = Release|Any CPU
	EndGlobalSection
	GlobalSection(SolutionProperties) = preSolution
		HideSolutionNode = FALSE
	EndGlobalSection
	GlobalSection(ExtensibilityGlobals) = postSolution
		SolutionGuid = {85945260-8FFD-4993-BB16-B9B36626CE8E}
	EndGlobalSection
EndGlobal
